// !$*UTF8*$!
{
	archiveVersion = 1;
	classes = {
	};
	objectVersion = 46;
	objects = {

/* Begin PBXBuildFile section */
		1F3A944A1D30FBA800F84F4C /* Shape.swift in Sources */ = {isa = PBXBuildFile; fileRef = 1F3A94491D30FBA800F84F4C /* Shape.swift */; };
		1F4367CC1D296F88007EA792 /* AppDelegate.swift in Sources */ = {isa = PBXBuildFile; fileRef = 1F4367CB1D296F88007EA792 /* AppDelegate.swift */; };
		1F4367CE1D296F88007EA792 /* ViewController.swift in Sources */ = {isa = PBXBuildFile; fileRef = 1F4367CD1D296F88007EA792 /* ViewController.swift */; };
		1F4367D11D296F88007EA792 /* Main.storyboard in Resources */ = {isa = PBXBuildFile; fileRef = 1F4367CF1D296F88007EA792 /* Main.storyboard */; };
		1F4367D31D296F88007EA792 /* Assets.xcassets in Resources */ = {isa = PBXBuildFile; fileRef = 1F4367D21D296F88007EA792 /* Assets.xcassets */; };
		1F4367D61D296F88007EA792 /* LaunchScreen.storyboard in Resources */ = {isa = PBXBuildFile; fileRef = 1F4367D41D296F88007EA792 /* LaunchScreen.storyboard */; };
		1F4367E11D296F88007EA792 /* ProjectAlphaTests.swift in Sources */ = {isa = PBXBuildFile; fileRef = 1F4367E01D296F88007EA792 /* ProjectAlphaTests.swift */; };
		1F4367EC1D296F88007EA792 /* ProjectAlphaUITests.swift in Sources */ = {isa = PBXBuildFile; fileRef = 1F4367EB1D296F88007EA792 /* ProjectAlphaUITests.swift */; };
		1F4367FA1D297317007EA792 /* Util.swift in Sources */ = {isa = PBXBuildFile; fileRef = 1F4367F91D297317007EA792 /* Util.swift */; };
		1F4368001D2989DB007EA792 /* DrawableUIView.swift in Sources */ = {isa = PBXBuildFile; fileRef = 1F4367FF1D2989DB007EA792 /* DrawableUIView.swift */; };
		1FFA63B31D304F6D00F914FC /* UIColor+RGBValue.swift in Sources */ = {isa = PBXBuildFile; fileRef = 1FFA63B21D304F6D00F914FC /* UIColor+RGBValue.swift */; };
		1FFA63B51D30521000F914FC /* Constants.swift in Sources */ = {isa = PBXBuildFile; fileRef = 1FFA63B41D30520F00F914FC /* Constants.swift */; };
/* End PBXBuildFile section */

/* Begin PBXContainerItemProxy section */
		1F4367DD1D296F88007EA792 /* PBXContainerItemProxy */ = {
			isa = PBXContainerItemProxy;
			containerPortal = 1F4367C01D296F88007EA792 /* Project object */;
			proxyType = 1;
			remoteGlobalIDString = 1F4367C71D296F88007EA792;
			remoteInfo = ProjectAlpha;
		};
		1F4367E81D296F88007EA792 /* PBXContainerItemProxy */ = {
			isa = PBXContainerItemProxy;
			containerPortal = 1F4367C01D296F88007EA792 /* Project object */;
			proxyType = 1;
			remoteGlobalIDString = 1F4367C71D296F88007EA792;
			remoteInfo = ProjectAlpha;
		};
/* End PBXContainerItemProxy section */

/* Begin PBXFileReference section */
		1F3A94491D30FBA800F84F4C /* Shape.swift */ = {isa = PBXFileReference; fileEncoding = 4; lastKnownFileType = sourcecode.swift; path = Shape.swift; sourceTree = "<group>"; };
		1F4367C81D296F88007EA792 /* ProjectAlpha.app */ = {isa = PBXFileReference; explicitFileType = wrapper.application; includeInIndex = 0; path = ProjectAlpha.app; sourceTree = BUILT_PRODUCTS_DIR; };
		1F4367CB1D296F88007EA792 /* AppDelegate.swift */ = {isa = PBXFileReference; lastKnownFileType = sourcecode.swift; path = AppDelegate.swift; sourceTree = "<group>"; };
		1F4367CD1D296F88007EA792 /* ViewController.swift */ = {isa = PBXFileReference; lastKnownFileType = sourcecode.swift; path = ViewController.swift; sourceTree = "<group>"; };
		1F4367D01D296F88007EA792 /* Base */ = {isa = PBXFileReference; lastKnownFileType = file.storyboard; name = Base; path = Base.lproj/Main.storyboard; sourceTree = "<group>"; };
		1F4367D21D296F88007EA792 /* Assets.xcassets */ = {isa = PBXFileReference; lastKnownFileType = folder.assetcatalog; path = Assets.xcassets; sourceTree = "<group>"; };
		1F4367D51D296F88007EA792 /* Base */ = {isa = PBXFileReference; lastKnownFileType = file.storyboard; name = Base; path = Base.lproj/LaunchScreen.storyboard; sourceTree = "<group>"; };
		1F4367D71D296F88007EA792 /* Info.plist */ = {isa = PBXFileReference; lastKnownFileType = text.plist.xml; path = Info.plist; sourceTree = "<group>"; };
		1F4367DC1D296F88007EA792 /* ProjectAlphaTests.xctest */ = {isa = PBXFileReference; explicitFileType = wrapper.cfbundle; includeInIndex = 0; path = ProjectAlphaTests.xctest; sourceTree = BUILT_PRODUCTS_DIR; };
		1F4367E01D296F88007EA792 /* ProjectAlphaTests.swift */ = {isa = PBXFileReference; lastKnownFileType = sourcecode.swift; path = ProjectAlphaTests.swift; sourceTree = "<group>"; };
		1F4367E21D296F88007EA792 /* Info.plist */ = {isa = PBXFileReference; lastKnownFileType = text.plist.xml; path = Info.plist; sourceTree = "<group>"; };
		1F4367E71D296F88007EA792 /* ProjectAlphaUITests.xctest */ = {isa = PBXFileReference; explicitFileType = wrapper.cfbundle; includeInIndex = 0; path = ProjectAlphaUITests.xctest; sourceTree = BUILT_PRODUCTS_DIR; };
		1F4367EB1D296F88007EA792 /* ProjectAlphaUITests.swift */ = {isa = PBXFileReference; lastKnownFileType = sourcecode.swift; path = ProjectAlphaUITests.swift; sourceTree = "<group>"; };
		1F4367ED1D296F88007EA792 /* Info.plist */ = {isa = PBXFileReference; lastKnownFileType = text.plist.xml; path = Info.plist; sourceTree = "<group>"; };
		1F4367F91D297317007EA792 /* Util.swift */ = {isa = PBXFileReference; fileEncoding = 4; lastKnownFileType = sourcecode.swift; path = Util.swift; sourceTree = "<group>"; };
		1F4367FF1D2989DB007EA792 /* DrawableUIView.swift */ = {isa = PBXFileReference; fileEncoding = 4; lastKnownFileType = sourcecode.swift; path = DrawableUIView.swift; sourceTree = "<group>"; };
		1FFA63B21D304F6D00F914FC /* UIColor+RGBValue.swift */ = {isa = PBXFileReference; fileEncoding = 4; lastKnownFileType = sourcecode.swift; path = "UIColor+RGBValue.swift"; sourceTree = "<group>"; };
		1FFA63B41D30520F00F914FC /* Constants.swift */ = {isa = PBXFileReference; fileEncoding = 4; lastKnownFileType = sourcecode.swift; path = Constants.swift; sourceTree = "<group>"; };
/* End PBXFileReference section */

/* Begin PBXFrameworksBuildPhase section */
		1F4367C51D296F88007EA792 /* Frameworks */ = {
			isa = PBXFrameworksBuildPhase;
			buildActionMask = 2147483647;
			files = (
			);
			runOnlyForDeploymentPostprocessing = 0;
		};
		1F4367D91D296F88007EA792 /* Frameworks */ = {
			isa = PBXFrameworksBuildPhase;
			buildActionMask = 2147483647;
			files = (
			);
			runOnlyForDeploymentPostprocessing = 0;
		};
		1F4367E41D296F88007EA792 /* Frameworks */ = {
			isa = PBXFrameworksBuildPhase;
			buildActionMask = 2147483647;
			files = (
			);
			runOnlyForDeploymentPostprocessing = 0;
		};
/* End PBXFrameworksBuildPhase section */

/* Begin PBXGroup section */
		1F3A94481D30F98500F84F4C /* Common */ = {
			isa = PBXGroup;
			children = (
				1FFA63B41D30520F00F914FC /* Constants.swift */,
				1F4367F91D297317007EA792 /* Util.swift */,
			);
			name = Common;
			sourceTree = "<group>";
		};
		1F4367BF1D296F88007EA792 = {
			isa = PBXGroup;
			children = (
				1F4367CA1D296F88007EA792 /* ProjectAlpha */,
				1F4367DF1D296F88007EA792 /* ProjectAlphaTests */,
				1F4367EA1D296F88007EA792 /* ProjectAlphaUITests */,
				1F4367C91D296F88007EA792 /* Products */,
			);
			sourceTree = "<group>";
		};
		1F4367C91D296F88007EA792 /* Products */ = {
			isa = PBXGroup;
			children = (
				1F4367C81D296F88007EA792 /* ProjectAlpha.app */,
				1F4367DC1D296F88007EA792 /* ProjectAlphaTests.xctest */,
				1F4367E71D296F88007EA792 /* ProjectAlphaUITests.xctest */,
			);
			name = Products;
			sourceTree = "<group>";
		};
		1F4367CA1D296F88007EA792 /* ProjectAlpha */ = {
			isa = PBXGroup;
			children = (
				1F3A94481D30F98500F84F4C /* Common */,
				1F4367CB1D296F88007EA792 /* AppDelegate.swift */,
				1F4367CD1D296F88007EA792 /* ViewController.swift */,
				1F4367CF1D296F88007EA792 /* Main.storyboard */,
				1F4367D21D296F88007EA792 /* Assets.xcassets */,
				1F4367D41D296F88007EA792 /* LaunchScreen.storyboard */,
				1F4367D71D296F88007EA792 /* Info.plist */,
				1F4367FF1D2989DB007EA792 /* DrawableUIView.swift */,
				1FFA63B21D304F6D00F914FC /* UIColor+RGBValue.swift */,
				1F3A94491D30FBA800F84F4C /* Shape.swift */,
			);
			path = ProjectAlpha;
			sourceTree = "<group>";
		};
		1F4367DF1D296F88007EA792 /* ProjectAlphaTests */ = {
			isa = PBXGroup;
			children = (
				1F4367E01D296F88007EA792 /* ProjectAlphaTests.swift */,
				1F4367E21D296F88007EA792 /* Info.plist */,
			);
			path = ProjectAlphaTests;
			sourceTree = "<group>";
		};
		1F4367EA1D296F88007EA792 /* ProjectAlphaUITests */ = {
			isa = PBXGroup;
			children = (
				1F4367EB1D296F88007EA792 /* ProjectAlphaUITests.swift */,
				1F4367ED1D296F88007EA792 /* Info.plist */,
			);
			path = ProjectAlphaUITests;
			sourceTree = "<group>";
		};
/* End PBXGroup section */

/* Begin PBXNativeTarget section */
		1F4367C71D296F88007EA792 /* ProjectAlpha */ = {
			isa = PBXNativeTarget;
			buildConfigurationList = 1F4367F01D296F88007EA792 /* Build configuration list for PBXNativeTarget "ProjectAlpha" */;
			buildPhases = (
				1F4367C41D296F88007EA792 /* Sources */,
				1F4367C51D296F88007EA792 /* Frameworks */,
				1F4367C61D296F88007EA792 /* Resources */,
			);
			buildRules = (
			);
			dependencies = (
			);
			name = ProjectAlpha;
			productName = ProjectAlpha;
			productReference = 1F4367C81D296F88007EA792 /* ProjectAlpha.app */;
			productType = "com.apple.product-type.application";
		};
		1F4367DB1D296F88007EA792 /* ProjectAlphaTests */ = {
			isa = PBXNativeTarget;
			buildConfigurationList = 1F4367F31D296F88007EA792 /* Build configuration list for PBXNativeTarget "ProjectAlphaTests" */;
			buildPhases = (
				1F4367D81D296F88007EA792 /* Sources */,
				1F4367D91D296F88007EA792 /* Frameworks */,
				1F4367DA1D296F88007EA792 /* Resources */,
			);
			buildRules = (
			);
			dependencies = (
				1F4367DE1D296F88007EA792 /* PBXTargetDependency */,
			);
			name = ProjectAlphaTests;
			productName = ProjectAlphaTests;
			productReference = 1F4367DC1D296F88007EA792 /* ProjectAlphaTests.xctest */;
			productType = "com.apple.product-type.bundle.unit-test";
		};
		1F4367E61D296F88007EA792 /* ProjectAlphaUITests */ = {
			isa = PBXNativeTarget;
			buildConfigurationList = 1F4367F61D296F88007EA792 /* Build configuration list for PBXNativeTarget "ProjectAlphaUITests" */;
			buildPhases = (
				1F4367E31D296F88007EA792 /* Sources */,
				1F4367E41D296F88007EA792 /* Frameworks */,
				1F4367E51D296F88007EA792 /* Resources */,
			);
			buildRules = (
			);
			dependencies = (
				1F4367E91D296F88007EA792 /* PBXTargetDependency */,
			);
			name = ProjectAlphaUITests;
			productName = ProjectAlphaUITests;
			productReference = 1F4367E71D296F88007EA792 /* ProjectAlphaUITests.xctest */;
			productType = "com.apple.product-type.bundle.ui-testing";
		};
/* End PBXNativeTarget section */

/* Begin PBXProject section */
		1F4367C01D296F88007EA792 /* Project object */ = {
			isa = PBXProject;
			attributes = {
				LastSwiftUpdateCheck = 0730;
				LastUpgradeCheck = 0730;
				TargetAttributes = {
					1F4367C71D296F88007EA792 = {
						CreatedOnToolsVersion = 7.3.1;
						DevelopmentTeam = J99YULUAX5;
					};
					1F4367DB1D296F88007EA792 = {
						CreatedOnToolsVersion = 7.3.1;
						TestTargetID = 1F4367C71D296F88007EA792;
					};
					1F4367E61D296F88007EA792 = {
						CreatedOnToolsVersion = 7.3.1;
						TestTargetID = 1F4367C71D296F88007EA792;
					};
				};
			};
			buildConfigurationList = 1F4367C31D296F88007EA792 /* Build configuration list for PBXProject "ProjectAlpha" */;
			compatibilityVersion = "Xcode 3.2";
			developmentRegion = English;
			hasScannedForEncodings = 0;
			knownRegions = (
				en,
				Base,
			);
			mainGroup = 1F4367BF1D296F88007EA792;
			productRefGroup = 1F4367C91D296F88007EA792 /* Products */;
			projectDirPath = "";
			projectRoot = "";
			targets = (
				1F4367C71D296F88007EA792 /* ProjectAlpha */,
				1F4367DB1D296F88007EA792 /* ProjectAlphaTests */,
				1F4367E61D296F88007EA792 /* ProjectAlphaUITests */,
			);
		};
/* End PBXProject section */

/* Begin PBXResourcesBuildPhase section */
		1F4367C61D296F88007EA792 /* Resources */ = {
			isa = PBXResourcesBuildPhase;
			buildActionMask = 2147483647;
			files = (
				1F4367D61D296F88007EA792 /* LaunchScreen.storyboard in Resources */,
				1F4367D31D296F88007EA792 /* Assets.xcassets in Resources */,
				1F4367D11D296F88007EA792 /* Main.storyboard in Resources */,
			);
			runOnlyForDeploymentPostprocessing = 0;
		};
		1F4367DA1D296F88007EA792 /* Resources */ = {
			isa = PBXResourcesBuildPhase;
			buildActionMask = 2147483647;
			files = (
			);
			runOnlyForDeploymentPostprocessing = 0;
		};
		1F4367E51D296F88007EA792 /* Resources */ = {
			isa = PBXResourcesBuildPhase;
			buildActionMask = 2147483647;
			files = (
			);
			runOnlyForDeploymentPostprocessing = 0;
		};
/* End PBXResourcesBuildPhase section */

/* Begin PBXSourcesBuildPhase section */
		1F4367C41D296F88007EA792 /* Sources */ = {
			isa = PBXSourcesBuildPhase;
			buildActionMask = 2147483647;
			files = (
				1FFA63B31D304F6D00F914FC /* UIColor+RGBValue.swift in Sources */,
				1F4367CE1D296F88007EA792 /* ViewController.swift in Sources */,
				1F4367FA1D297317007EA792 /* Util.swift in Sources */,
				1F3A944A1D30FBA800F84F4C /* Shape.swift in Sources */,
				1F4368001D2989DB007EA792 /* DrawableUIView.swift in Sources */,
				1F4367CC1D296F88007EA792 /* AppDelegate.swift in Sources */,
				1FFA63B51D30521000F914FC /* Constants.swift in Sources */,
			);
			runOnlyForDeploymentPostprocessing = 0;
		};
		1F4367D81D296F88007EA792 /* Sources */ = {
			isa = PBXSourcesBuildPhase;
			buildActionMask = 2147483647;
			files = (
				1F4367E11D296F88007EA792 /* ProjectAlphaTests.swift in Sources */,
			);
			runOnlyForDeploymentPostprocessing = 0;
		};
		1F4367E31D296F88007EA792 /* Sources */ = {
			isa = PBXSourcesBuildPhase;
			buildActionMask = 2147483647;
			files = (
				1F4367EC1D296F88007EA792 /* ProjectAlphaUITests.swift in Sources */,
			);
			runOnlyForDeploymentPostprocessing = 0;
		};
/* End PBXSourcesBuildPhase section */

/* Begin PBXTargetDependency section */
		1F4367DE1D296F88007EA792 /* PBXTargetDependency */ = {
			isa = PBXTargetDependency;
			target = 1F4367C71D296F88007EA792 /* ProjectAlpha */;
			targetProxy = 1F4367DD1D296F88007EA792 /* PBXContainerItemProxy */;
		};
		1F4367E91D296F88007EA792 /* PBXTargetDependency */ = {
			isa = PBXTargetDependency;
			target = 1F4367C71D296F88007EA792 /* ProjectAlpha */;
			targetProxy = 1F4367E81D296F88007EA792 /* PBXContainerItemProxy */;
		};
/* End PBXTargetDependency section */

/* Begin PBXVariantGroup section */
		1F4367CF1D296F88007EA792 /* Main.storyboard */ = {
			isa = PBXVariantGroup;
			children = (
				1F4367D01D296F88007EA792 /* Base */,
			);
			name = Main.storyboard;
			sourceTree = "<group>";
		};
		1F4367D41D296F88007EA792 /* LaunchScreen.storyboard */ = {
			isa = PBXVariantGroup;
			children = (
				1F4367D51D296F88007EA792 /* Base */,
			);
			name = LaunchScreen.storyboard;
			sourceTree = "<group>";
		};
/* End PBXVariantGroup section */

/* Begin XCBuildConfiguration section */
		1F4367EE1D296F88007EA792 /* Debug */ = {
			isa = XCBuildConfiguration;
			buildSettings = {
				ALWAYS_SEARCH_USER_PATHS = NO;
				CLANG_ANALYZER_NONNULL = YES;
				CLANG_CXX_LANGUAGE_STANDARD = "gnu++0x";
				CLANG_CXX_LIBRARY = "libc++";
				CLANG_ENABLE_MODULES = YES;
				CLANG_ENABLE_OBJC_ARC = YES;
				CLANG_WARN_BOOL_CONVERSION = YES;
				CLANG_WARN_CONSTANT_CONVERSION = YES;
				CLANG_WARN_DIRECT_OBJC_ISA_USAGE = YES_ERROR;
				CLANG_WARN_EMPTY_BODY = YES;
				CLANG_WARN_ENUM_CONVERSION = YES;
				CLANG_WARN_INT_CONVERSION = YES;
				CLANG_WARN_OBJC_ROOT_CLASS = YES_ERROR;
				CLANG_WARN_UNREACHABLE_CODE = YES;
				CLANG_WARN__DUPLICATE_METHOD_MATCH = YES;
				"CODE_SIGN_IDENTITY[sdk=iphoneos*]" = "iPhone Developer";
				COPY_PHASE_STRIP = NO;
				DEBUG_INFORMATION_FORMAT = dwarf;
				ENABLE_STRICT_OBJC_MSGSEND = YES;
				ENABLE_TESTABILITY = YES;
				GCC_C_LANGUAGE_STANDARD = gnu99;
				GCC_DYNAMIC_NO_PIC = NO;
				GCC_NO_COMMON_BLOCKS = YES;
				GCC_OPTIMIZATION_LEVEL = 0;
				GCC_PREPROCESSOR_DEFINITIONS = (
					"DEBUG=1",
					"$(inherited)",
				);
				GCC_WARN_64_TO_32_BIT_CONVERSION = YES;
				GCC_WARN_ABOUT_RETURN_TYPE = YES_ERROR;
				GCC_WARN_UNDECLARED_SELECTOR = YES;
				GCC_WARN_UNINITIALIZED_AUTOS = YES_AGGRESSIVE;
				GCC_WARN_UNUSED_FUNCTION = YES;
				GCC_WARN_UNUSED_VARIABLE = YES;
				IPHONEOS_DEPLOYMENT_TARGET = 9.3;
				MTL_ENABLE_DEBUG_INFO = YES;
				ONLY_ACTIVE_ARCH = YES;
				SDKROOT = iphoneos;
				SWIFT_OPTIMIZATION_LEVEL = "-Onone";
				TARGETED_DEVICE_FAMILY = "1,2";
			};
			name = Debug;
		};
		1F4367EF1D296F88007EA792 /* Release */ = {
			isa = XCBuildConfiguration;
			buildSettings = {
				ALWAYS_SEARCH_USER_PATHS = NO;
				CLANG_ANALYZER_NONNULL = YES;
				CLANG_CXX_LANGUAGE_STANDARD = "gnu++0x";
				CLANG_CXX_LIBRARY = "libc++";
				CLANG_ENABLE_MODULES = YES;
				CLANG_ENABLE_OBJC_ARC = YES;
				CLANG_WARN_BOOL_CONVERSION = YES;
				CLANG_WARN_CONSTANT_CONVERSION = YES;
				CLANG_WARN_DIRECT_OBJC_ISA_USAGE = YES_ERROR;
				CLANG_WARN_EMPTY_BODY = YES;
				CLANG_WARN_ENUM_CONVERSION = YES;
				CLANG_WARN_INT_CONVERSION = YES;
				CLANG_WARN_OBJC_ROOT_CLASS = YES_ERROR;
				CLANG_WARN_UNREACHABLE_CODE = YES;
				CLANG_WARN__DUPLICATE_METHOD_MATCH = YES;
				"CODE_SIGN_IDENTITY[sdk=iphoneos*]" = "iPhone Developer";
				COPY_PHASE_STRIP = NO;
				DEBUG_INFORMATION_FORMAT = "dwarf-with-dsym";
				ENABLE_NS_ASSERTIONS = NO;
				ENABLE_STRICT_OBJC_MSGSEND = YES;
				GCC_C_LANGUAGE_STANDARD = gnu99;
				GCC_NO_COMMON_BLOCKS = YES;
				GCC_WARN_64_TO_32_BIT_CONVERSION = YES;
				GCC_WARN_ABOUT_RETURN_TYPE = YES_ERROR;
				GCC_WARN_UNDECLARED_SELECTOR = YES;
				GCC_WARN_UNINITIALIZED_AUTOS = YES_AGGRESSIVE;
				GCC_WARN_UNUSED_FUNCTION = YES;
				GCC_WARN_UNUSED_VARIABLE = YES;
				IPHONEOS_DEPLOYMENT_TARGET = 9.3;
				MTL_ENABLE_DEBUG_INFO = NO;
				SDKROOT = iphoneos;
				TARGETED_DEVICE_FAMILY = "1,2";
				VALIDATE_PRODUCT = YES;
			};
			name = Release;
		};
		1F4367F11D296F88007EA792 /* Debug */ = {
			isa = XCBuildConfiguration;
			buildSettings = {
				ASSETCATALOG_COMPILER_APPICON_NAME = AppIcon;
				CODE_SIGN_IDENTITY = "iPhone Developer";
				"CODE_SIGN_IDENTITY[sdk=iphoneos*]" = "iPhone Developer";
				INFOPLIST_FILE = ProjectAlpha/Info.plist;
				LD_RUNPATH_SEARCH_PATHS = "$(inherited) @executable_path/Frameworks";
				PRODUCT_BUNDLE_IDENTIFIER = org.prikic.ProjectAlpha;
				PRODUCT_NAME = "$(TARGET_NAME)";
				PROVISIONING_PROFILE = "";
			};
			name = Debug;
		};
		1F4367F21D296F88007EA792 /* Release */ = {
			isa = XCBuildConfiguration;
			buildSettings = {
				ASSETCATALOG_COMPILER_APPICON_NAME = AppIcon;
				CODE_SIGN_IDENTITY = "iPhone Developer";
				"CODE_SIGN_IDENTITY[sdk=iphoneos*]" = "iPhone Developer";
				INFOPLIST_FILE = ProjectAlpha/Info.plist;
				LD_RUNPATH_SEARCH_PATHS = "$(inherited) @executable_path/Frameworks";
				PRODUCT_BUNDLE_IDENTIFIER = org.prikic.ProjectAlpha;
				PRODUCT_NAME = "$(TARGET_NAME)";
				PROVISIONING_PROFILE = "";
			};
			name = Release;
		};
		1F4367F41D296F88007EA792 /* Debug */ = {
			isa = XCBuildConfiguration;
			buildSettings = {
				BUNDLE_LOADER = "$(TEST_HOST)";
				INFOPLIST_FILE = ProjectAlphaTests/Info.plist;
				LD_RUNPATH_SEARCH_PATHS = "$(inherited) @executable_path/Frameworks @loader_path/Frameworks";
				PRODUCT_BUNDLE_IDENTIFIER = org.prikic.ProjectAlphaTests;
				PRODUCT_NAME = "$(TARGET_NAME)";
				TEST_HOST = "$(BUILT_PRODUCTS_DIR)/ProjectAlpha.app/ProjectAlpha";
			};
			name = Debug;
		};
		1F4367F51D296F88007EA792 /* Release */ = {
			isa = XCBuildConfiguration;
			buildSettings = {
				BUNDLE_LOADER = "$(TEST_HOST)";
				INFOPLIST_FILE = ProjectAlphaTests/Info.plist;
				LD_RUNPATH_SEARCH_PATHS = "$(inherited) @executable_path/Frameworks @loader_path/Frameworks";
				PRODUCT_BUNDLE_IDENTIFIER = org.prikic.ProjectAlphaTests;
				PRODUCT_NAME = "$(TARGET_NAME)";
				TEST_HOST = "$(BUILT_PRODUCTS_DIR)/ProjectAlpha.app/ProjectAlpha";
			};
			name = Release;
		};
		1F4367F71D296F88007EA792 /* Debug */ = {
			isa = XCBuildConfiguration;
			buildSettings = {
				INFOPLIST_FILE = ProjectAlphaUITests/Info.plist;
				LD_RUNPATH_SEARCH_PATHS = "$(inherited) @executable_path/Frameworks @loader_path/Frameworks";
				PRODUCT_BUNDLE_IDENTIFIER = org.prikic.ProjectAlphaUITests;
				PRODUCT_NAME = "$(TARGET_NAME)";
				TEST_TARGET_NAME = ProjectAlpha;
			};
			name = Debug;
		};
		1F4367F81D296F88007EA792 /* Release */ = {
			isa = XCBuildConfiguration;
			buildSettings = {
				INFOPLIST_FILE = ProjectAlphaUITests/Info.plist;
				LD_RUNPATH_SEARCH_PATHS = "$(inherited) @executable_path/Frameworks @loader_path/Frameworks";
				PRODUCT_BUNDLE_IDENTIFIER = org.prikic.ProjectAlphaUITests;
				PRODUCT_NAME = "$(TARGET_NAME)";
				TEST_TARGET_NAME = ProjectAlpha;
			};
			name = Release;
		};
/* End XCBuildConfiguration section */

/* Begin XCConfigurationList section */
		1F4367C31D296F88007EA792 /* Build configuration list for PBXProject "ProjectAlpha" */ = {
			isa = XCConfigurationList;
			buildConfigurations = (
				1F4367EE1D296F88007EA792 /* Debug */,
				1F4367EF1D296F88007EA792 /* Release */,
			);
			defaultConfigurationIsVisible = 0;
			defaultConfigurationName = Release;
		};
		1F4367F01D296F88007EA792 /* Build configuration list for PBXNativeTarget "ProjectAlpha" */ = {
			isa = XCConfigurationList;
			buildConfigurations = (
				1F4367F11D296F88007EA792 /* Debug */,
				1F4367F21D296F88007EA792 /* Release */,
			);
			defaultConfigurationIsVisible = 0;
			defaultConfigurationName = Release;
		};
		1F4367F31D296F88007EA792 /* Build configuration list for PBXNativeTarget "ProjectAlphaTests" */ = {
			isa = XCConfigurationList;
			buildConfigurations = (
				1F4367F41D296F88007EA792 /* Debug */,
				1F4367F51D296F88007EA792 /* Release */,
			);
			defaultConfigurationIsVisible = 0;
			defaultConfigurationName = Release;
		};
		1F4367F61D296F88007EA792 /* Build configuration list for PBXNativeTarget "ProjectAlphaUITests" */ = {
			isa = XCConfigurationList;
			buildConfigurations = (
				1F4367F71D296F88007EA792 /* Debug */,
				1F4367F81D296F88007EA792 /* Release */,
			);
			defaultConfigurationIsVisible = 0;
			defaultConfigurationName = Release;
		};
/* End XCConfigurationList section */
	};
	rootObject = 1F4367C01D296F88007EA792 /* Project object */;
}
